
Microsoft Visual Studio Solution File, Format Version 12.00
# Visual Studio Version 17
VisualStudioVersion = 17.4.33110.190
MinimumVisualStudioVersion = 10.0.40219.1
Project("{FAE04EC0-301F-11D3-BF4B-00C04F79EFBC}") = "Test-Git-LTTQ", "Test-Git-LTTQ\Test-Git-LTTQ.csproj", "{14FAC895-C4B5-452A-9D2B-31E81A101548}"
EndProject
Global
	GlobalSection(SolutionConfigurationPlatforms) = preSolution
		Debug|Any CPU = Debug|Any CPU
		Release|Any CPU = Release|Any CPU
	EndGlobalSection
	GlobalSection(ProjectConfigurationPlatforms) = postSolution
		{14FAC895-C4B5-452A-9D2B-31E81A101548}.Debug|Any CPU.ActiveCfg = Debug|Any CPU
		{14FAC895-C4B5-452A-9D2B-31E81A101548}.Debug|Any CPU.Build.0 = Debug|Any CPU
		{14FAC895-C4B5-452A-9D2B-31E81A101548}.Release|Any CPU.ActiveCfg = Release|Any CPU
		{14FAC895-C4B5-452A-9D2B-31E81A101548}.Release|Any CPU.Build.0 = Release|Any CPU
	EndGlobalSection
	GlobalSection(SolutionProperties) = preSolution
		HideSolutionNode = FALSE
	EndGlobalSection
	GlobalSection(ExtensibilityGlobals) = postSolution
		SolutionGuid = {91A74EE7-DB80-42ED-A494-33B4B467FCCD}
	EndGlobalSection
EndGlobal
